
Microsoft Visual Studio Solution File, Format Version 12.00
# Visual Studio 15
VisualStudioVersion = 15.0.26730.16
MinimumVisualStudioVersion = 10.0.40219.1
Project("{9A19103F-16F7-4668-BE54-9A1E7A4F7556}") = "TodoApi", "TodoApi\TodoApi.csproj", "{ED452834-E07F-43D8-87F9-EE463C34F038}"
EndProject
Project("{9A19103F-16F7-4668-BE54-9A1E7A4F7556}") = "TodoApp", "TodoApp\TodoApp.csproj", "{C900AED0-219D-4184-B426-D6102E45D850}"
EndProject
Project("{FAE04EC0-301F-11D3-BF4B-00C04F79EFBC}") = "IntegrationTests", "IntegrationTests\IntegrationTests.csproj", "{0B1F3C84-88F6-47BF-A7F6-9886A5D2F22D}"
EndProject
Global
	GlobalSection(SolutionConfigurationPlatforms) = preSolution
		Debug|Any CPU = Debug|Any CPU
		Release|Any CPU = Release|Any CPU
	EndGlobalSection
	GlobalSection(ProjectConfigurationPlatforms) = postSolution
		{ED452834-E07F-43D8-87F9-EE463C34F038}.Debug|Any CPU.ActiveCfg = Debug|Any CPU
		{ED452834-E07F-43D8-87F9-EE463C34F038}.Debug|Any CPU.Build.0 = Debug|Any CPU
		{ED452834-E07F-43D8-87F9-EE463C34F038}.Release|Any CPU.ActiveCfg = Release|Any CPU
		{ED452834-E07F-43D8-87F9-EE463C34F038}.Release|Any CPU.Build.0 = Release|Any CPU
		{C900AED0-219D-4184-B426-D6102E45D850}.Debug|Any CPU.ActiveCfg = Debug|Any CPU
		{C900AED0-219D-4184-B426-D6102E45D850}.Debug|Any CPU.Build.0 = Debug|Any CPU
		{C900AED0-219D-4184-B426-D6102E45D850}.Release|Any CPU.ActiveCfg = Release|Any CPU
		{C900AED0-219D-4184-B426-D6102E45D850}.Release|Any CPU.Build.0 = Release|Any CPU
		{0B1F3C84-88F6-47BF-A7F6-9886A5D2F22D}.Debug|Any CPU.ActiveCfg = Debug|Any CPU
		{0B1F3C84-88F6-47BF-A7F6-9886A5D2F22D}.Debug|Any CPU.Build.0 = Debug|Any CPU
		{0B1F3C84-88F6-47BF-A7F6-9886A5D2F22D}.Release|Any CPU.ActiveCfg = Release|Any CPU
		{0B1F3C84-88F6-47BF-A7F6-9886A5D2F22D}.Release|Any CPU.Build.0 = Release|Any CPU
	EndGlobalSection
	GlobalSection(SolutionProperties) = preSolution
		HideSolutionNode = FALSE
	EndGlobalSection
	GlobalSection(ExtensibilityGlobals) = postSolution
		SolutionGuid = {B08C58A3-A0AA-4F34-B693-7F0DD10B86B2}
	EndGlobalSection
EndGlobal
